
Microsoft Visual Studio Solution File, Format Version 12.00
# Visual Studio Version 16
VisualStudioVersion = 16.0.30907.101
MinimumVisualStudioVersion = 10.0.40219.1
Project("{FAE04EC0-301F-11D3-BF4B-00C04F79EFBC}") = "ClassMetotDemo", "ClassMetotDemo\ClassMetotDemo.csproj", "{9731A731-DC32-4EC7-9CAC-0D5408E38D1C}"
EndProject
Global
	GlobalSection(SolutionConfigurationPlatforms) = preSolution
		Debug|Any CPU = Debug|Any CPU
		Release|Any CPU = Release|Any CPU
	EndGlobalSection
	GlobalSection(ProjectConfigurationPlatforms) = postSolution
		{9731A731-DC32-4EC7-9CAC-0D5408E38D1C}.Debug|Any CPU.ActiveCfg = Debug|Any CPU
		{9731A731-DC32-4EC7-9CAC-0D5408E38D1C}.Debug|Any CPU.Build.0 = Debug|Any CPU
		{9731A731-DC32-4EC7-9CAC-0D5408E38D1C}.Release|Any CPU.ActiveCfg = Release|Any CPU
		{9731A731-DC32-4EC7-9CAC-0D5408E38D1C}.Release|Any CPU.Build.0 = Release|Any CPU
	EndGlobalSection
	GlobalSection(SolutionProperties) = preSolution
		HideSolutionNode = FALSE
	EndGlobalSection
	GlobalSection(ExtensibilityGlobals) = postSolution
		SolutionGuid = {8F3E1895-6071-40E7-8D73-BE2A350FC3FA}
	EndGlobalSection
EndGlobal
